// !$*UTF8*$!
{
	archiveVersion = 1;
	classes = {
	};
	objectVersion = 50;
	objects = {

/* Begin PBXBuildFile section */
		18D47440254192A200B7799F /* AppDelegate.swift in Sources */ = {isa = PBXBuildFile; fileRef = 18D4743F254192A200B7799F /* AppDelegate.swift */; };
		18D47442254192A200B7799F /* SceneDelegate.swift in Sources */ = {isa = PBXBuildFile; fileRef = 18D47441254192A200B7799F /* SceneDelegate.swift */; };
		18D47444254192A200B7799F /* ViewController.swift in Sources */ = {isa = PBXBuildFile; fileRef = 18D47443254192A200B7799F /* ViewController.swift */; };
		18D47447254192A200B7799F /* Main.storyboard in Resources */ = {isa = PBXBuildFile; fileRef = 18D47445254192A200B7799F /* Main.storyboard */; };
		18D47449254192BE00B7799F /* Assets.xcassets in Resources */ = {isa = PBXBuildFile; fileRef = 18D47448254192BE00B7799F /* Assets.xcassets */; };
		18D4744C254192BE00B7799F /* LaunchScreen.storyboard in Resources */ = {isa = PBXBuildFile; fileRef = 18D4744A254192BE00B7799F /* LaunchScreen.storyboard */; };
		18D47457254192BE00B7799F /* DeepLinkWithFirebaseTests.swift in Sources */ = {isa = PBXBuildFile; fileRef = 18D47456254192BE00B7799F /* DeepLinkWithFirebaseTests.swift */; };
		18D47462254192BE00B7799F /* DeepLinkWithFirebaseUITests.swift in Sources */ = {isa = PBXBuildFile; fileRef = 18D47461254192BE00B7799F /* DeepLinkWithFirebaseUITests.swift */; };
/* End PBXBuildFile section */

/* Begin PBXContainerItemProxy section */
		18D47453254192BE00B7799F /* PBXContainerItemProxy */ = {
			isa = PBXContainerItemProxy;
			containerPortal = 18D47434254192A200B7799F /* Project object */;
			proxyType = 1;
			remoteGlobalIDString = 18D4743B254192A200B7799F;
			remoteInfo = DeepLinkWithFirebase;
		};
		18D4745E254192BE00B7799F /* PBXContainerItemProxy */ = {
			isa = PBXContainerItemProxy;
			containerPortal = 18D47434254192A200B7799F /* Project object */;
			proxyType = 1;
			remoteGlobalIDString = 18D4743B254192A200B7799F;
			remoteInfo = DeepLinkWithFirebase;
		};
/* End PBXContainerItemProxy section */

/* Begin PBXFileReference section */
		18D4743C254192A200B7799F /* DeepLinkWithFirebase.app */ = {isa = PBXFileReference; explicitFileType = wrapper.application; includeInIndex = 0; path = DeepLinkWithFirebase.app; sourceTree = BUILT_PRODUCTS_DIR; };
		18D4743F254192A200B7799F /* AppDelegate.swift */ = {isa = PBXFileReference; lastKnownFileType = sourcecode.swift; path = AppDelegate.swift; sourceTree = "<group>"; };
		18D47441254192A200B7799F /* SceneDelegate.swift */ = {isa = PBXFileReference; lastKnownFileType = sourcecode.swift; path = SceneDelegate.swift; sourceTree = "<group>"; };
		18D47443254192A200B7799F /* ViewController.swift */ = {isa = PBXFileReference; lastKnownFileType = sourcecode.swift; path = ViewController.swift; sourceTree = "<group>"; };
		18D47446254192A200B7799F /* Base */ = {isa = PBXFileReference; lastKnownFileType = file.storyboard; name = Base; path = Base.lproj/Main.storyboard; sourceTree = "<group>"; };
		18D47448254192BE00B7799F /* Assets.xcassets */ = {isa = PBXFileReference; lastKnownFileType = folder.assetcatalog; path = Assets.xcassets; sourceTree = "<group>"; };
		18D4744B254192BE00B7799F /* Base */ = {isa = PBXFileReference; lastKnownFileType = file.storyboard; name = Base; path = Base.lproj/LaunchScreen.storyboard; sourceTree = "<group>"; };
		18D4744D254192BE00B7799F /* Info.plist */ = {isa = PBXFileReference; lastKnownFileType = text.plist.xml; path = Info.plist; sourceTree = "<group>"; };
		18D47452254192BE00B7799F /* DeepLinkWithFirebaseTests.xctest */ = {isa = PBXFileReference; explicitFileType = wrapper.cfbundle; includeInIndex = 0; path = DeepLinkWithFirebaseTests.xctest; sourceTree = BUILT_PRODUCTS_DIR; };
		18D47456254192BE00B7799F /* DeepLinkWithFirebaseTests.swift */ = {isa = PBXFileReference; lastKnownFileType = sourcecode.swift; path = DeepLinkWithFirebaseTests.swift; sourceTree = "<group>"; };
		18D47458254192BE00B7799F /* Info.plist */ = {isa = PBXFileReference; lastKnownFileType = text.plist.xml; path = Info.plist; sourceTree = "<group>"; };
		18D4745D254192BE00B7799F /* DeepLinkWithFirebaseUITests.xctest */ = {isa = PBXFileReference; explicitFileType = wrapper.cfbundle; includeInIndex = 0; path = DeepLinkWithFirebaseUITests.xctest; sourceTree = BUILT_PRODUCTS_DIR; };
		18D47461254192BE00B7799F /* DeepLinkWithFirebaseUITests.swift */ = {isa = PBXFileReference; lastKnownFileType = sourcecode.swift; path = DeepLinkWithFirebaseUITests.swift; sourceTree = "<group>"; };
		18D47463254192BE00B7799F /* Info.plist */ = {isa = PBXFileReference; lastKnownFileType = text.plist.xml; path = Info.plist; sourceTree = "<group>"; };
/* End PBXFileReference section */

/* Begin PBXFrameworksBuildPhase section */
		18D47439254192A200B7799F /* Frameworks */ = {
			isa = PBXFrameworksBuildPhase;
			buildActionMask = 2147483647;
			files = (
			);
			runOnlyForDeploymentPostprocessing = 0;
		};
		18D4744F254192BE00B7799F /* Frameworks */ = {
			isa = PBXFrameworksBuildPhase;
			buildActionMask = 2147483647;
			files = (
			);
			runOnlyForDeploymentPostprocessing = 0;
		};
		18D4745A254192BE00B7799F /* Frameworks */ = {
			isa = PBXFrameworksBuildPhase;
			buildActionMask = 2147483647;
			files = (
			);
			runOnlyForDeploymentPostprocessing = 0;
		};
/* End PBXFrameworksBuildPhase section */

/* Begin PBXGroup section */
		18D47433254192A200B7799F = {
			isa = PBXGroup;
			children = (
				18D4743E254192A200B7799F /* DeepLinkWithFirebase */,
				18D47455254192BE00B7799F /* DeepLinkWithFirebaseTests */,
				18D47460254192BE00B7799F /* DeepLinkWithFirebaseUITests */,
				18D4743D254192A200B7799F /* Products */,
			);
			sourceTree = "<group>";
		};
		18D4743D254192A200B7799F /* Products */ = {
			isa = PBXGroup;
			children = (
				18D4743C254192A200B7799F /* DeepLinkWithFirebase.app */,
				18D47452254192BE00B7799F /* DeepLinkWithFirebaseTests.xctest */,
				18D4745D254192BE00B7799F /* DeepLinkWithFirebaseUITests.xctest */,
			);
			name = Products;
			sourceTree = "<group>";
		};
		18D4743E254192A200B7799F /* DeepLinkWithFirebase */ = {
			isa = PBXGroup;
			children = (
				18D4743F254192A200B7799F /* AppDelegate.swift */,
				18D47441254192A200B7799F /* SceneDelegate.swift */,
				18D47443254192A200B7799F /* ViewController.swift */,
				18D47445254192A200B7799F /* Main.storyboard */,
				18D47448254192BE00B7799F /* Assets.xcassets */,
				18D4744A254192BE00B7799F /* LaunchScreen.storyboard */,
				18D4744D254192BE00B7799F /* Info.plist */,
			);
			path = DeepLinkWithFirebase;
			sourceTree = "<group>";
		};
		18D47455254192BE00B7799F /* DeepLinkWithFirebaseTests */ = {
			isa = PBXGroup;
			children = (
				18D47456254192BE00B7799F /* DeepLinkWithFirebaseTests.swift */,
				18D47458254192BE00B7799F /* Info.plist */,
			);
			path = DeepLinkWithFirebaseTests;
			sourceTree = "<group>";
		};
		18D47460254192BE00B7799F /* DeepLinkWithFirebaseUITests */ = {
			isa = PBXGroup;
			children = (
				18D47461254192BE00B7799F /* DeepLinkWithFirebaseUITests.swift */,
				18D47463254192BE00B7799F /* Info.plist */,
			);
			path = DeepLinkWithFirebaseUITests;
			sourceTree = "<group>";
		};
/* End PBXGroup section */

/* Begin PBXNativeTarget section */
		18D4743B254192A200B7799F /* DeepLinkWithFirebase */ = {
			isa = PBXNativeTarget;
			buildConfigurationList = 18D47466254192BF00B7799F /* Build configuration list for PBXNativeTarget "DeepLinkWithFirebase" */;
			buildPhases = (
				18D47438254192A200B7799F /* Sources */,
				18D47439254192A200B7799F /* Frameworks */,
				18D4743A254192A200B7799F /* Resources */,
			);
			buildRules = (
			);
			dependencies = (
			);
			name = DeepLinkWithFirebase;
			productName = DeepLinkWithFirebase;
			productReference = 18D4743C254192A200B7799F /* DeepLinkWithFirebase.app */;
			productType = "com.apple.product-type.application";
		};
		18D47451254192BE00B7799F /* DeepLinkWithFirebaseTests */ = {
			isa = PBXNativeTarget;
			buildConfigurationList = 18D47469254192BF00B7799F /* Build configuration list for PBXNativeTarget "DeepLinkWithFirebaseTests" */;
			buildPhases = (
				18D4744E254192BE00B7799F /* Sources */,
				18D4744F254192BE00B7799F /* Frameworks */,
				18D47450254192BE00B7799F /* Resources */,
			);
			buildRules = (
			);
			dependencies = (
				18D47454254192BE00B7799F /* PBXTargetDependency */,
			);
			name = DeepLinkWithFirebaseTests;
			productName = DeepLinkWithFirebaseTests;
			productReference = 18D47452254192BE00B7799F /* DeepLinkWithFirebaseTests.xctest */;
			productType = "com.apple.product-type.bundle.unit-test";
		};
		18D4745C254192BE00B7799F /* DeepLinkWithFirebaseUITests */ = {
			isa = PBXNativeTarget;
			buildConfigurationList = 18D4746C254192BF00B7799F /* Build configuration list for PBXNativeTarget "DeepLinkWithFirebaseUITests" */;
			buildPhases = (
				18D47459254192BE00B7799F /* Sources */,
				18D4745A254192BE00B7799F /* Frameworks */,
				18D4745B254192BE00B7799F /* Resources */,
			);
			buildRules = (
			);
			dependencies = (
				18D4745F254192BE00B7799F /* PBXTargetDependency */,
			);
			name = DeepLinkWithFirebaseUITests;
			productName = DeepLinkWithFirebaseUITests;
			productReference = 18D4745D254192BE00B7799F /* DeepLinkWithFirebaseUITests.xctest */;
			productType = "com.apple.product-type.bundle.ui-testing";
		};
/* End PBXNativeTarget section */

/* Begin PBXProject section */
		18D47434254192A200B7799F /* Project object */ = {
			isa = PBXProject;
			attributes = {
				LastSwiftUpdateCheck = 1200;
				LastUpgradeCheck = 1200;
				TargetAttributes = {
					18D4743B254192A200B7799F = {
						CreatedOnToolsVersion = 12.0.1;
					};
					18D47451254192BE00B7799F = {
						CreatedOnToolsVersion = 12.0.1;
						TestTargetID = 18D4743B254192A200B7799F;
					};
					18D4745C254192BE00B7799F = {
						CreatedOnToolsVersion = 12.0.1;
						TestTargetID = 18D4743B254192A200B7799F;
					};
				};
			};
			buildConfigurationList = 18D47437254192A200B7799F /* Build configuration list for PBXProject "DeepLinkWithFirebase" */;
			compatibilityVersion = "Xcode 9.3";
			developmentRegion = en;
			hasScannedForEncodings = 0;
			knownRegions = (
				en,
				Base,
			);
			mainGroup = 18D47433254192A200B7799F;
			productRefGroup = 18D4743D254192A200B7799F /* Products */;
			projectDirPath = "";
			projectRoot = "";
			targets = (
				18D4743B254192A200B7799F /* DeepLinkWithFirebase */,
				18D47451254192BE00B7799F /* DeepLinkWithFirebaseTests */,
				18D4745C254192BE00B7799F /* DeepLinkWithFirebaseUITests */,
			);
		};
/* End PBXProject section */

/* Begin PBXResourcesBuildPhase section */
		18D4743A254192A200B7799F /* Resources */ = {
			isa = PBXResourcesBuildPhase;
			buildActionMask = 2147483647;
			files = (
				18D4744C254192BE00B7799F /* LaunchScreen.storyboard in Resources */,
				18D47449254192BE00B7799F /* Assets.xcassets in Resources */,
				18D47447254192A200B7799F /* Main.storyboard in Resources */,
			);
			runOnlyForDeploymentPostprocessing = 0;
		};
		18D47450254192BE00B7799F /* Resources */ = {
			isa = PBXResourcesBuildPhase;
			buildActionMask = 2147483647;
			files = (
			);
			runOnlyForDeploymentPostprocessing = 0;
		};
		18D4745B254192BE00B7799F /* Resources */ = {
			isa = PBXResourcesBuildPhase;
			buildActionMask = 2147483647;
			files = (
			);
			runOnlyForDeploymentPostprocessing = 0;
		};
/* End PBXResourcesBuildPhase section */

/* Begin PBXSourcesBuildPhase section */
		18D47438254192A200B7799F /* Sources */ = {
			isa = PBXSourcesBuildPhase;
			buildActionMask = 2147483647;
			files = (
				18D47444254192A200B7799F /* ViewController.swift in Sources */,
				18D47440254192A200B7799F /* AppDelegate.swift in Sources */,
				18D47442254192A200B7799F /* SceneDelegate.swift in Sources */,
			);
			runOnlyForDeploymentPostprocessing = 0;
		};
		18D4744E254192BE00B7799F /* Sources */ = {
			isa = PBXSourcesBuildPhase;
			buildActionMask = 2147483647;
			files = (
				18D47457254192BE00B7799F /* DeepLinkWithFirebaseTests.swift in Sources */,
			);
			runOnlyForDeploymentPostprocessing = 0;
		};
		18D47459254192BE00B7799F /* Sources */ = {
			isa = PBXSourcesBuildPhase;
			buildActionMask = 2147483647;
			files = (
				18D47462254192BE00B7799F /* DeepLinkWithFirebaseUITests.swift in Sources */,
			);
			runOnlyForDeploymentPostprocessing = 0;
		};
/* End PBXSourcesBuildPhase section */

/* Begin PBXTargetDependency section */
		18D47454254192BE00B7799F /* PBXTargetDependency */ = {
			isa = PBXTargetDependency;
			target = 18D4743B254192A200B7799F /* DeepLinkWithFirebase */;
			targetProxy = 18D47453254192BE00B7799F /* PBXContainerItemProxy */;
		};
		18D4745F254192BE00B7799F /* PBXTargetDependency */ = {
			isa = PBXTargetDependency;
			target = 18D4743B254192A200B7799F /* DeepLinkWithFirebase */;
			targetProxy = 18D4745E254192BE00B7799F /* PBXContainerItemProxy */;
		};
/* End PBXTargetDependency section */

/* Begin PBXVariantGroup section */
		18D47445254192A200B7799F /* Main.storyboard */ = {
			isa = PBXVariantGroup;
			children = (
				18D47446254192A200B7799F /* Base */,
			);
			name = Main.storyboard;
			sourceTree = "<group>";
		};
		18D4744A254192BE00B7799F /* LaunchScreen.storyboard */ = {
			isa = PBXVariantGroup;
			children = (
				18D4744B254192BE00B7799F /* Base */,
			);
			name = LaunchScreen.storyboard;
			sourceTree = "<group>";
		};
/* End PBXVariantGroup section */

/* Begin XCBuildConfiguration section */
		18D47464254192BE00B7799F /* Debug */ = {
			isa = XCBuildConfiguration;
			buildSettings = {
				ALWAYS_SEARCH_USER_PATHS = NO;
				CLANG_ANALYZER_NONNULL = YES;
				CLANG_ANALYZER_NUMBER_OBJECT_CONVERSION = YES_AGGRESSIVE;
				CLANG_CXX_LANGUAGE_STANDARD = "gnu++14";
				CLANG_CXX_LIBRARY = "libc++";
				CLANG_ENABLE_MODULES = YES;
				CLANG_ENABLE_OBJC_ARC = YES;
				CLANG_ENABLE_OBJC_WEAK = YES;
				CLANG_WARN_BLOCK_CAPTURE_AUTORELEASING = YES;
				CLANG_WARN_BOOL_CONVERSION = YES;
				CLANG_WARN_COMMA = YES;
				CLANG_WARN_CONSTANT_CONVERSION = YES;
				CLANG_WARN_DEPRECATED_OBJC_IMPLEMENTATIONS = YES;
				CLANG_WARN_DIRECT_OBJC_ISA_USAGE = YES_ERROR;
				CLANG_WARN_DOCUMENTATION_COMMENTS = YES;
				CLANG_WARN_EMPTY_BODY = YES;
				CLANG_WARN_ENUM_CONVERSION = YES;
				CLANG_WARN_INFINITE_RECURSION = YES;
				CLANG_WARN_INT_CONVERSION = YES;
				CLANG_WARN_NON_LITERAL_NULL_CONVERSION = YES;
				CLANG_WARN_OBJC_IMPLICIT_RETAIN_SELF = YES;
				CLANG_WARN_OBJC_LITERAL_CONVERSION = YES;
				CLANG_WARN_OBJC_ROOT_CLASS = YES_ERROR;
				CLANG_WARN_QUOTED_INCLUDE_IN_FRAMEWORK_HEADER = YES;
				CLANG_WARN_RANGE_LOOP_ANALYSIS = YES;
				CLANG_WARN_STRICT_PROTOTYPES = YES;
				CLANG_WARN_SUSPICIOUS_MOVE = YES;
				CLANG_WARN_UNGUARDED_AVAILABILITY = YES_AGGRESSIVE;
				CLANG_WARN_UNREACHABLE_CODE = YES;
				CLANG_WARN__DUPLICATE_METHOD_MATCH = YES;
				COPY_PHASE_STRIP = NO;
				DEBUG_INFORMATION_FORMAT = dwarf;
				ENABLE_STRICT_OBJC_MSGSEND = YES;
				ENABLE_TESTABILITY = YES;
				GCC_C_LANGUAGE_STANDARD = gnu11;
				GCC_DYNAMIC_NO_PIC = NO;
				GCC_NO_COMMON_BLOCKS = YES;
				GCC_OPTIMIZATION_LEVEL = 0;
				GCC_PREPROCESSOR_DEFINITIONS = (
					"DEBUG=1",
					"$(inherited)",
				);
				GCC_WARN_64_TO_32_BIT_CONVERSION = YES;
				GCC_WARN_ABOUT_RETURN_TYPE = YES_ERROR;
				GCC_WARN_UNDECLARED_SELECTOR = YES;
				GCC_WARN_UNINITIALIZED_AUTOS = YES_AGGRESSIVE;
				GCC_WARN_UNUSED_FUNCTION = YES;
				GCC_WARN_UNUSED_VARIABLE = YES;
				IPHONEOS_DEPLOYMENT_TARGET = 14.0;
				MTL_ENABLE_DEBUG_INFO = INCLUDE_SOURCE;
				MTL_FAST_MATH = YES;
				ONLY_ACTIVE_ARCH = YES;
				SDKROOT = iphoneos;
				SWIFT_ACTIVE_COMPILATION_CONDITIONS = DEBUG;
				SWIFT_OPTIMIZATION_LEVEL = "-Onone";
			};
			name = Debug;
		};
		18D47465254192BF00B7799F /* Release */ = {
			isa = XCBuildConfiguration;
			buildSettings = {
				ALWAYS_SEARCH_USER_PATHS = NO;
				CLANG_ANALYZER_NONNULL = YES;
				CLANG_ANALYZER_NUMBER_OBJECT_CONVERSION = YES_AGGRESSIVE;
				CLANG_CXX_LANGUAGE_STANDARD = "gnu++14";
				CLANG_CXX_LIBRARY = "libc++";
				CLANG_ENABLE_MODULES = YES;
				CLANG_ENABLE_OBJC_ARC = YES;
				CLANG_ENABLE_OBJC_WEAK = YES;
				CLANG_WARN_BLOCK_CAPTURE_AUTORELEASING = YES;
				CLANG_WARN_BOOL_CONVERSION = YES;
				CLANG_WARN_COMMA = YES;
				CLANG_WARN_CONSTANT_CONVERSION = YES;
				CLANG_WARN_DEPRECATED_OBJC_IMPLEMENTATIONS = YES;
				CLANG_WARN_DIRECT_OBJC_ISA_USAGE = YES_ERROR;
				CLANG_WARN_DOCUMENTATION_COMMENTS = YES;
				CLANG_WARN_EMPTY_BODY = YES;
				CLANG_WARN_ENUM_CONVERSION = YES;
				CLANG_WARN_INFINITE_RECURSION = YES;
				CLANG_WARN_INT_CONVERSION = YES;
				CLANG_WARN_NON_LITERAL_NULL_CONVERSION = YES;
				CLANG_WARN_OBJC_IMPLICIT_RETAIN_SELF = YES;
				CLANG_WARN_OBJC_LITERAL_CONVERSION = YES;
				CLANG_WARN_OBJC_ROOT_CLASS = YES_ERROR;
				CLANG_WARN_QUOTED_INCLUDE_IN_FRAMEWORK_HEADER = YES;
				CLANG_WARN_RANGE_LOOP_ANALYSIS = YES;
				CLANG_WARN_STRICT_PROTOTYPES = YES;
				CLANG_WARN_SUSPICIOUS_MOVE = YES;
				CLANG_WARN_UNGUARDED_AVAILABILITY = YES_AGGRESSIVE;
				CLANG_WARN_UNREACHABLE_CODE = YES;
				CLANG_WARN__DUPLICATE_METHOD_MATCH = YES;
				COPY_PHASE_STRIP = NO;
				DEBUG_INFORMATION_FORMAT = "dwarf-with-dsym";
				ENABLE_NS_ASSERTIONS = NO;
				ENABLE_STRICT_OBJC_MSGSEND = YES;
				GCC_C_LANGUAGE_STANDARD = gnu11;
				GCC_NO_COMMON_BLOCKS = YES;
				GCC_WARN_64_TO_32_BIT_CONVERSION = YES;
				GCC_WARN_ABOUT_RETURN_TYPE = YES_ERROR;
				GCC_WARN_UNDECLARED_SELECTOR = YES;
				GCC_WARN_UNINITIALIZED_AUTOS = YES_AGGRESSIVE;
				GCC_WARN_UNUSED_FUNCTION = YES;
				GCC_WARN_UNUSED_VARIABLE = YES;
				IPHONEOS_DEPLOYMENT_TARGET = 14.0;
				MTL_ENABLE_DEBUG_INFO = NO;
				MTL_FAST_MATH = YES;
				SDKROOT = iphoneos;
				SWIFT_COMPILATION_MODE = wholemodule;
				SWIFT_OPTIMIZATION_LEVEL = "-O";
				VALIDATE_PRODUCT = YES;
			};
			name = Release;
		};
		18D47467254192BF00B7799F /* Debug */ = {
			isa = XCBuildConfiguration;
			buildSettings = {
				ASSETCATALOG_COMPILER_APPICON_NAME = AppIcon;
				ASSETCATALOG_COMPILER_GLOBAL_ACCENT_COLOR_NAME = AccentColor;
				CODE_SIGN_STYLE = Automatic;
				DEVELOPMENT_TEAM = Z7VEURMV45;
				INFOPLIST_FILE = DeepLinkWithFirebase/Info.plist;
				LD_RUNPATH_SEARCH_PATHS = (
					"$(inherited)",
					"@executable_path/Frameworks",
				);
				PRODUCT_BUNDLE_IDENTIFIER = com.DeepLinkWithFirebase;
				PRODUCT_NAME = "$(TARGET_NAME)";
				SWIFT_VERSION = 5.0;
				TARGETED_DEVICE_FAMILY = "1,2";
			};
			name = Debug;
		};
		18D47468254192BF00B7799F /* Release */ = {
			isa = XCBuildConfiguration;
			buildSettings = {
				ASSETCATALOG_COMPILER_APPICON_NAME = AppIcon;
				ASSETCATALOG_COMPILER_GLOBAL_ACCENT_COLOR_NAME = AccentColor;
				CODE_SIGN_STYLE = Automatic;
				DEVELOPMENT_TEAM = Z7VEURMV45;
				INFOPLIST_FILE = DeepLinkWithFirebase/Info.plist;
				LD_RUNPATH_SEARCH_PATHS = (
					"$(inherited)",
					"@executable_path/Frameworks",
				);
				PRODUCT_BUNDLE_IDENTIFIER = com.DeepLinkWithFirebase;
				PRODUCT_NAME = "$(TARGET_NAME)";
				SWIFT_VERSION = 5.0;
				TARGETED_DEVICE_FAMILY = "1,2";
			};
			name = Release;
		};
		18D4746A254192BF00B7799F /* Debug */ = {
			isa = XCBuildConfiguration;
			buildSettings = {
				ALWAYS_EMBED_SWIFT_STANDARD_LIBRARIES = YES;
				BUNDLE_LOADER = "$(TEST_HOST)";
				CODE_SIGN_STYLE = Automatic;
				DEVELOPMENT_TEAM = Z7VEURMV45;
				INFOPLIST_FILE = DeepLinkWithFirebaseTests/Info.plist;
				IPHONEOS_DEPLOYMENT_TARGET = 14.0;
				LD_RUNPATH_SEARCH_PATHS = (
					"$(inherited)",
					"@executable_path/Frameworks",
					"@loader_path/Frameworks",
				);
				PRODUCT_BUNDLE_IDENTIFIER = com.DeepLinkWithFirebaseTests;
				PRODUCT_NAME = "$(TARGET_NAME)";
				SWIFT_VERSION = 5.0;
				TARGETED_DEVICE_FAMILY = "1,2";
				TEST_HOST = "$(BUILT_PRODUCTS_DIR)/DeepLinkWithFirebase.app/DeepLinkWithFirebase";
			};
			name = Debug;
		};
		18D4746B254192BF00B7799F /* Release */ = {
			isa = XCBuildConfiguration;
			buildSettings = {
				ALWAYS_EMBED_SWIFT_STANDARD_LIBRARIES = YES;
				BUNDLE_LOADER = "$(TEST_HOST)";
				CODE_SIGN_STYLE = Automatic;
				DEVELOPMENT_TEAM = Z7VEURMV45;
				INFOPLIST_FILE = DeepLinkWithFirebaseTests/Info.plist;
				IPHONEOS_DEPLOYMENT_TARGET = 14.0;
				LD_RUNPATH_SEARCH_PATHS = (
					"$(inherited)",
					"@executable_path/Frameworks",
					"@loader_path/Frameworks",
				);
				PRODUCT_BUNDLE_IDENTIFIER = com.DeepLinkWithFirebaseTests;
				PRODUCT_NAME = "$(TARGET_NAME)";
				SWIFT_VERSION = 5.0;
				TARGETED_DEVICE_FAMILY = "1,2";
				TEST_HOST = "$(BUILT_PRODUCTS_DIR)/DeepLinkWithFirebase.app/DeepLinkWithFirebase";
			};
			name = Release;
		};
		18D4746D254192BF00B7799F /* Debug */ = {
			isa = XCBuildConfiguration;
			buildSettings = {
				ALWAYS_EMBED_SWIFT_STANDARD_LIBRARIES = YES;
				CODE_SIGN_STYLE = Automatic;
				DEVELOPMENT_TEAM = Z7VEURMV45;
				INFOPLIST_FILE = DeepLinkWithFirebaseUITests/Info.plist;
				LD_RUNPATH_SEARCH_PATHS = (
					"$(inherited)",
					"@executable_path/Frameworks",
					"@loader_path/Frameworks",
				);
				PRODUCT_BUNDLE_IDENTIFIER = com.DeepLinkWithFirebaseUITests;
				PRODUCT_NAME = "$(TARGET_NAME)";
				SWIFT_VERSION = 5.0;
				TARGETED_DEVICE_FAMILY = "1,2";
				TEST_TARGET_NAME = DeepLinkWithFirebase;
			};
			name = Debug;
		};
		18D4746E254192BF00B7799F /* Release */ = {
			isa = XCBuildConfiguration;
			buildSettings = {
				ALWAYS_EMBED_SWIFT_STANDARD_LIBRARIES = YES;
				CODE_SIGN_STYLE = Automatic;
				DEVELOPMENT_TEAM = Z7VEURMV45;
				INFOPLIST_FILE = DeepLinkWithFirebaseUITests/Info.plist;
				LD_RUNPATH_SEARCH_PATHS = (
					"$(inherited)",
					"@executable_path/Frameworks",
					"@loader_path/Frameworks",
				);
				PRODUCT_BUNDLE_IDENTIFIER = com.DeepLinkWithFirebaseUITests;
				PRODUCT_NAME = "$(TARGET_NAME)";
				SWIFT_VERSION = 5.0;
				TARGETED_DEVICE_FAMILY = "1,2";
				TEST_TARGET_NAME = DeepLinkWithFirebase;
			};
			name = Release;
		};
/* End XCBuildConfiguration section */

/* Begin XCConfigurationList section */
		18D47437254192A200B7799F /* Build configuration list for PBXProject "DeepLinkWithFirebase" */ = {
			isa = XCConfigurationList;
			buildConfigurations = (
				18D47464254192BE00B7799F /* Debug */,
				18D47465254192BF00B7799F /* Release */,
			);
			defaultConfigurationIsVisible = 0;
			defaultConfigurationName = Release;
		};
		18D47466254192BF00B7799F /* Build configuration list for PBXNativeTarget "DeepLinkWithFirebase" */ = {
			isa = XCConfigurationList;
			buildConfigurations = (
				18D47467254192BF00B7799F /* Debug */,
				18D47468254192BF00B7799F /* Release */,
			);
			defaultConfigurationIsVisible = 0;
			defaultConfigurationName = Release;
		};
		18D47469254192BF00B7799F /* Build configuration list for PBXNativeTarget "DeepLinkWithFirebaseTests" */ = {
			isa = XCConfigurationList;
			buildConfigurations = (
				18D4746A254192BF00B7799F /* Debug */,
				18D4746B254192BF00B7799F /* Release */,
			);
			defaultConfigurationIsVisible = 0;
			defaultConfigurationName = Release;
		};
		18D4746C254192BF00B7799F /* Build configuration list for PBXNativeTarget "DeepLinkWithFirebaseUITests" */ = {
			isa = XCConfigurationList;
			buildConfigurations = (
				18D4746D254192BF00B7799F /* Debug */,
				18D4746E254192BF00B7799F /* Release */,
			);
			defaultConfigurationIsVisible = 0;
			defaultConfigurationName = Release;
		};
/* End XCConfigurationList section */
	};
	rootObject = 18D47434254192A200B7799F /* Project object */;
}
